
Microsoft Visual Studio Solution File, Format Version 12.00
# Visual Studio Version 17
VisualStudioVersion = 17.7.34221.43
MinimumVisualStudioVersion = 10.0.40219.1
Project("{888888A0-9F3D-457C-B088-3A5042F75D52}") = "ashbot", "ashbot.pyproj", "{55AF4C02-053F-456B-8D42-CCEEF3AD6C21}"
EndProject
Global
	GlobalSection(SolutionConfigurationPlatforms) = preSolution
		Debug|Any CPU = Debug|Any CPU
		Release|Any CPU = Release|Any CPU
	EndGlobalSection
	GlobalSection(ProjectConfigurationPlatforms) = postSolution
		{55AF4C02-053F-456B-8D42-CCEEF3AD6C21}.Debug|Any CPU.ActiveCfg = Debug|Any CPU
		{55AF4C02-053F-456B-8D42-CCEEF3AD6C21}.Release|Any CPU.ActiveCfg = Release|Any CPU
	EndGlobalSection
	GlobalSection(SolutionProperties) = preSolution
		HideSolutionNode = FALSE
	EndGlobalSection
	GlobalSection(ExtensibilityGlobals) = postSolution
		SolutionGuid = {5125C0D3-BC1E-4BE8-837A-E560741AD3CA}
	EndGlobalSection
EndGlobal
